
Microsoft Visual Studio Solution File, Format Version 12.00
# Visual Studio Version 16
VisualStudioVersion = 16.0.31112.23
MinimumVisualStudioVersion = 10.0.40219.1
Project("{FAE04EC0-301F-11D3-BF4B-00C04F79EFBC}") = "MovieNight", "MovieNight\MovieNight.csproj", "{5B01726A-CF7E-4B35-9C2D-1743F79F6C7C}"
EndProject
Global
	GlobalSection(SolutionConfigurationPlatforms) = preSolution
		Debug|Any CPU = Debug|Any CPU
		Release|Any CPU = Release|Any CPU
	EndGlobalSection
	GlobalSection(ProjectConfigurationPlatforms) = postSolution
		{5B01726A-CF7E-4B35-9C2D-1743F79F6C7C}.Debug|Any CPU.ActiveCfg = Debug|Any CPU
		{5B01726A-CF7E-4B35-9C2D-1743F79F6C7C}.Debug|Any CPU.Build.0 = Debug|Any CPU
		{5B01726A-CF7E-4B35-9C2D-1743F79F6C7C}.Release|Any CPU.ActiveCfg = Release|Any CPU
		{5B01726A-CF7E-4B35-9C2D-1743F79F6C7C}.Release|Any CPU.Build.0 = Release|Any CPU
	EndGlobalSection
	GlobalSection(SolutionProperties) = preSolution
		HideSolutionNode = FALSE
	EndGlobalSection
	GlobalSection(ExtensibilityGlobals) = postSolution
		SolutionGuid = {971D2B0E-CBFA-42E0-B5F9-EF107438E208}
	EndGlobalSection
EndGlobal
